<?xml version="1.0" encoding="utf-8"?>
<Project ToolsVersion="4.0" xmlns="http://schemas.microsoft.com/developer/msbuild/2003">
  <ItemGroup>
    <Filter Include="ソース ファイル">
      <UniqueIdentifier>{4FC737F1-C7A5-4376-A066-2A32D752A2FF}</UniqueIdentifier>
      <Extensions>cpp;c;cc;cxx;def;odl;idl;hpj;bat;asm;asmx</Extensions>
    </Filter>
    <Filter Include="ヘッダー ファイル">
      <UniqueIdentifier>{93995380-89BD-4b04-88EB-625FBE52EBFB}</UniqueIdentifier>
      <Extensions>h;hh;hpp;hxx;hm;inl;inc;ipp;xsd</Extensions>
    </Filter>
    <Filter Include="リソース ファイル">
      <UniqueIdentifier>{67DA6AB6-F800-4c08-8B7A-83BB121AAD01}</UniqueIdentifier>
      <Extensions>rc;ico;cur;bmp;dlg;rc2;rct;bin;rgs;gif;jpg;jpeg;jpe;resx;tiff;tif;png;wav;mfcribbon-ms</Extensions>
    </Filter>
    <Filter Include="ソース ファイル\Title">
      <UniqueIdentifier>{b296334e-60c9-4943-b360-8866c85cbf2c}</UniqueIdentifier>
    </Filter>
    <Filter Include="ソース ファイル\chara">
      <UniqueIdentifier>{a45a0e3f-7b18-447e-91b7-2f9cb7f46e28}</UniqueIdentifier>
    </Filter>
    <Filter Include="ソース ファイル\Shop">
      <UniqueIdentifier>{39dbeb12-9dca-4935-bb2a-16038941289e}</UniqueIdentifier>
    </Filter>
    <Filter Include="ソース ファイル\Bullet">
      <UniqueIdentifier>{be9f174e-733e-4695-b1a3-36065864d906}</UniqueIdentifier>
    </Filter>
    <Filter Include="ソース ファイル\map1">
      <UniqueIdentifier>{57c83d14-517e-449f-b7a8-4ac1e109fca0}</UniqueIdentifier>
    </Filter>
    <Filter Include="ソース ファイル\Clear">
      <UniqueIdentifier>{afd1e4c4-7368-4ee7-ae92-a25132e3f969}</UniqueIdentifier>
    </Filter>
  </ItemGroup>
  <ItemGroup>
    <ClCompile Include="GameL\DirectXDevice.cpp">
      <Filter>リソース ファイル</Filter>
    </ClCompile>
    <ClCompile Include="GameL\Draw2DTex_Source.cpp">
      <Filter>リソース ファイル</Filter>
    </ClCompile>
    <ClCompile Include="GameL\DrawFont.cpp">
      <Filter>リソース ファイル</Filter>
    </ClCompile>
    <ClCompile Include="GameL\DrawTexture.cpp">
      <Filter>リソース ファイル</Filter>
    </ClCompile>
    <ClCompile Include="GameL\GameL_Main.cpp">
      <Filter>リソース ファイル</Filter>
    </ClCompile>
    <ClCompile Include="GameL\HitBoxManager.cpp">
      <Filter>リソース ファイル</Filter>
    </ClCompile>
    <ClCompile Include="GameL\MultiThread.cpp">
      <Filter>リソース ファイル</Filter>
    </ClCompile>
    <ClCompile Include="GameL\SceneManager.cpp">
      <Filter>リソース ファイル</Filter>
    </ClCompile>
    <ClCompile Include="GameL\SceneObjManager.cpp">
      <Filter>リソース ファイル</Filter>
    </ClCompile>
    <ClCompile Include="GameL\SetWindow.cpp">
      <Filter>リソース ファイル</Filter>
    </ClCompile>
    <ClCompile Include="GameL\UserData.cpp">
      <Filter>リソース ファイル</Filter>
    </ClCompile>
    <ClCompile Include="GameL\WinInputs.cpp">
      <Filter>リソース ファイル</Filter>
    </ClCompile>
    <ClCompile Include="ObjTitle.cpp">
      <Filter>ソース ファイル\Title</Filter>
    </ClCompile>
    <ClCompile Include="SceneTitle.cpp">
      <Filter>ソース ファイル\Title</Filter>
    </ClCompile>
    <ClCompile Include="Hero.cpp">
      <Filter>ソース ファイル\chara</Filter>
    </ClCompile>
    <ClCompile Include="LockEnemy.cpp">
      <Filter>ソース ファイル\chara</Filter>
    </ClCompile>
    <ClCompile Include="WolkEnemy.cpp">
      <Filter>ソース ファイル\chara</Filter>
    </ClCompile>
    <ClCompile Include="ObjGameOver.cpp">
      <Filter>ソース ファイル\Title</Filter>
    </ClCompile>
    <ClCompile Include="ObjGamerule.cpp">
      <Filter>ソース ファイル\Title</Filter>
    </ClCompile>
    <ClCompile Include="Gamerule.cpp">
      <Filter>ソース ファイル\Title</Filter>
    </ClCompile>
    <ClCompile Include="SceneGameOver.cpp">
      <Filter>ソース ファイル\Title</Filter>
    </ClCompile>
    <ClCompile Include="Block.cpp">
      <Filter>ソース ファイル\map1</Filter>
    </ClCompile>
    <ClCompile Include="ObjStage1.cpp">
      <Filter>ソース ファイル\map1</Filter>
    </ClCompile>
    <ClCompile Include="SceneStage1.cpp">
      <Filter>ソース ファイル\map1</Filter>
    </ClCompile>
    <ClCompile Include="StageUi.cpp">
      <Filter>ソース ファイル\map1</Filter>
    </ClCompile>
    <ClCompile Include="ObjShop.cpp">
      <Filter>ソース ファイル\Shop</Filter>
    </ClCompile>
    <ClCompile Include="SceneShop.cpp">
      <Filter>ソース ファイル\Shop</Filter>
    </ClCompile>
    <ClCompile Include="FlyEnemy.cpp">
      <Filter>ソース ファイル\chara</Filter>
    </ClCompile>
    <ClCompile Include="NormalBullet.cpp">
      <Filter>ソース ファイル\Bullet</Filter>
    </ClCompile>
    <ClCompile Include="ObjAttack.cpp">
      <Filter>ソース ファイル</Filter>
    </ClCompile>
    <ClCompile Include="Switch.cpp">
      <Filter>ソース ファイル</Filter>
    </ClCompile>
    <ClCompile Include="AssaultBullet.cpp">
      <Filter>ソース ファイル\Bullet</Filter>
    </ClCompile>
    <ClCompile Include="BossBlock.cpp">
      <Filter>ソース ファイル</Filter>
    </ClCompile>
    <ClCompile Include="WeaponShop.cpp">
      <Filter>ソース ファイル\Shop</Filter>
    </ClCompile>
    <ClCompile Include="GameL\Audio.cpp">
      <Filter>リソース ファイル</Filter>
    </ClCompile>
    <ClCompile Include="Objstageselect.cpp">
      <Filter>ソース ファイル</Filter>
    </ClCompile>
    <ClCompile Include="stageselect.cpp">
      <Filter>ソース ファイル</Filter>
    </ClCompile>
    <ClCompile Include="ObjStage1Clear.cpp">
      <Filter>ソース ファイル\Clear</Filter>
    </ClCompile>
    <ClCompile Include="ObjStage2Clear.cpp">
      <Filter>ソース ファイル\Clear</Filter>
    </ClCompile>
    <ClCompile Include="Boss1.cpp">
      <Filter>ソース ファイル\chara</Filter>
    </ClCompile>
    <ClCompile Include="ShopOBJ.cpp">
      <Filter>ソース ファイル\Shop</Filter>
    </ClCompile>
    <ClCompile Include="Boss2.cpp">
      <Filter>ソース ファイル\chara</Filter>
    </ClCompile>
    <ClCompile Include="HeroAssultBullet.cpp">
      <Filter>ソース ファイル\Bullet</Filter>
    </ClCompile>
    <ClCompile Include="GoalBlock.cpp">
      <Filter>ソース ファイル\chara</Filter>
    </ClCompile>
  </ItemGroup>
  <ItemGroup>
    <ClInclude Include="GameL\Audio.h">
      <Filter>リソース ファイル</Filter>
    </ClInclude>
    <ClInclude Include="GameL\DirectXDevice.h">
      <Filter>リソース ファイル</Filter>
    </ClInclude>
    <ClInclude Include="GameL\DrawFont.h">
      <Filter>リソース ファイル</Filter>
    </ClInclude>
    <ClInclude Include="GameL\DrawTexture.h">
      <Filter>リソース ファイル</Filter>
    </ClInclude>
    <ClInclude Include="GameL\HitBoxManager.h">
      <Filter>リソース ファイル</Filter>
    </ClInclude>
    <ClInclude Include="GameL\MultiThread.h">
      <Filter>リソース ファイル</Filter>
    </ClInclude>
    <ClInclude Include="GameL\SceneManager.h">
      <Filter>リソース ファイル</Filter>
    </ClInclude>
    <ClInclude Include="GameL\SceneObjManager.h">
      <Filter>リソース ファイル</Filter>
    </ClInclude>
    <ClInclude Include="GameL\SetWindow.h">
      <Filter>リソース ファイル</Filter>
    </ClInclude>
    <ClInclude Include="GameL\UserData.h">
      <Filter>リソース ファイル</Filter>
    </ClInclude>
    <ClInclude Include="GameL\WinInputs.h">
      <Filter>リソース ファイル</Filter>
    </ClInclude>
    <ClInclude Include="GameHead.h">
      <Filter>ヘッダー ファイル</Filter>
    </ClInclude>
    <ClInclude Include="main.h">
      <Filter>ヘッダー ファイル</Filter>
    </ClInclude>
    <ClInclude Include="ObjTitle.h">
      <Filter>ソース ファイル\Title</Filter>
    </ClInclude>
    <ClInclude Include="SceneTitle.h">
      <Filter>ソース ファイル\Title</Filter>
    </ClInclude>
    <ClInclude Include="Hero.h">
      <Filter>ソース ファイル\chara</Filter>
    </ClInclude>
    <ClInclude Include="LockEnemy.h">
      <Filter>ソース ファイル\chara</Filter>
    </ClInclude>
    <ClInclude Include="WolkEnemy.h">
      <Filter>ソース ファイル\chara</Filter>
    </ClInclude>
    <ClInclude Include="ObjGameOver.h">
      <Filter>ソース ファイル\Title</Filter>
    </ClInclude>
    <ClInclude Include="Gamerule.h">
      <Filter>ソース ファイル\Title</Filter>
    </ClInclude>
    <ClInclude Include="ObjGamerule.h">
      <Filter>ソース ファイル\Title</Filter>
    </ClInclude>
    <ClInclude Include="SceneGameOver.h">
      <Filter>ソース ファイル\Title</Filter>
    </ClInclude>
    <ClInclude Include="Block.h">
      <Filter>ソース ファイル\map1</Filter>
    </ClInclude>
    <ClInclude Include="ObjStage1.h">
      <Filter>ソース ファイル\map1</Filter>
    </ClInclude>
    <ClInclude Include="SceneStage1.h">
      <Filter>ソース ファイル\map1</Filter>
    </ClInclude>
    <ClInclude Include="StageUi.h">
      <Filter>ソース ファイル\map1</Filter>
    </ClInclude>
    <ClInclude Include="ObjShop.h">
      <Filter>ソース ファイル\Shop</Filter>
    </ClInclude>
    <ClInclude Include="SceneShop.h">
      <Filter>ソース ファイル\Shop</Filter>
    </ClInclude>
    <ClInclude Include="FlyEnemy.h">
      <Filter>ソース ファイル\chara</Filter>
    </ClInclude>
    <ClInclude Include="NormalBullet.h">
      <Filter>ソース ファイル\Bullet</Filter>
    </ClInclude>
    <ClInclude Include="ObjAttack.h">
      <Filter>ソース ファイル</Filter>
    </ClInclude>
    <ClInclude Include="Switch.h">
      <Filter>ソース ファイル</Filter>
    </ClInclude>
    <ClInclude Include="AssaultBullet.h">
      <Filter>ソース ファイル\Bullet</Filter>
    </ClInclude>
    <ClInclude Include="BossBlock.h">
      <Filter>ソース ファイル</Filter>
    </ClInclude>
    <ClInclude Include="Objstageselect.h">
      <Filter>ソース ファイル</Filter>
    </ClInclude>
    <ClInclude Include="stageselect.h">
      <Filter>ソース ファイル</Filter>
    </ClInclude>
    <ClInclude Include="Boss1.h">
      <Filter>ソース ファイル\chara</Filter>
    </ClInclude>
    <ClInclude Include="ObjStage1Clear.h">
      <Filter>ソース ファイル\Clear</Filter>
    </ClInclude>
    <ClInclude Include="ObjStage2Clear.h">
      <Filter>ソース ファイル\Clear</Filter>
    </ClInclude>
    <ClInclude Include="ShopOBJ.h">
      <Filter>ソース ファイル\Shop</Filter>
    </ClInclude>
    <ClInclude Include="WeaponShop.h">
      <Filter>ソース ファイル\Shop</Filter>
    </ClInclude>
    <ClInclude Include="Boss2.h">
      <Filter>ソース ファイル\chara</Filter>
    </ClInclude>
    <ClInclude Include="HeroAssultBullet.h">
      <Filter>ソース ファイル\Bullet</Filter>
    </ClInclude>
    <ClInclude Include="GoalBlock.h">
      <Filter>ソース ファイル\chara</Filter>
    </ClInclude>
  </ItemGroup>
</Project>